<?xml version="1.0" encoding="UTF-8"?>
<Project ToolsVersion="14.0" xmlns="http://schemas.microsoft.com/developer/msbuild/2003">
  <ItemGroup>
    <ClCompile Include="E:\mve_recon\mve\libs\mve\bundle.cc">
      <Filter>Source Files</Filter>
    </ClCompile>
    <ClCompile Include="E:\mve_recon\mve\libs\mve\bundle_io.cc">
      <Filter>Source Files</Filter>
    </ClCompile>
    <ClCompile Include="E:\mve_recon\mve\libs\mve\camera.cc">
      <Filter>Source Files</Filter>
    </ClCompile>
    <ClCompile Include="E:\mve_recon\mve\libs\mve\depthmap.cc">
      <Filter>Source Files</Filter>
    </ClCompile>
    <ClCompile Include="E:\mve_recon\mve\libs\mve\image_exif.cc">
      <Filter>Source Files</Filter>
    </ClCompile>
    <ClCompile Include="E:\mve_recon\mve\libs\mve\image_io.cc">
      <Filter>Source Files</Filter>
    </ClCompile>
    <ClCompile Include="E:\mve_recon\mve\libs\mve\image_tools.cc">
      <Filter>Source Files</Filter>
    </ClCompile>
    <ClCompile Include="E:\mve_recon\mve\libs\mve\marching.cc">
      <Filter>Source Files</Filter>
    </ClCompile>
    <ClCompile Include="E:\mve_recon\mve\libs\mve\mesh.cc">
      <Filter>Source Files</Filter>
    </ClCompile>
    <ClCompile Include="E:\mve_recon\mve\libs\mve\mesh_info.cc">
      <Filter>Source Files</Filter>
    </ClCompile>
    <ClCompile Include="E:\mve_recon\mve\libs\mve\mesh_io.cc">
      <Filter>Source Files</Filter>
    </ClCompile>
    <ClCompile Include="E:\mve_recon\mve\libs\mve\mesh_io_npts.cc">
      <Filter>Source Files</Filter>
    </ClCompile>
    <ClCompile Include="E:\mve_recon\mve\libs\mve\mesh_io_obj.cc">
      <Filter>Source Files</Filter>
    </ClCompile>
    <ClCompile Include="E:\mve_recon\mve\libs\mve\mesh_io_off.cc">
      <Filter>Source Files</Filter>
    </ClCompile>
    <ClCompile Include="E:\mve_recon\mve\libs\mve\mesh_io_pbrt.cc">
      <Filter>Source Files</Filter>
    </ClCompile>
    <ClCompile Include="E:\mve_recon\mve\libs\mve\mesh_io_ply.cc">
      <Filter>Source Files</Filter>
    </ClCompile>
    <ClCompile Include="E:\mve_recon\mve\libs\mve\mesh_io_smf.cc">
      <Filter>Source Files</Filter>
    </ClCompile>
    <ClCompile Include="E:\mve_recon\mve\libs\mve\mesh_tools.cc">
      <Filter>Source Files</Filter>
    </ClCompile>
    <ClCompile Include="E:\mve_recon\mve\libs\mve\scene.cc">
      <Filter>Source Files</Filter>
    </ClCompile>
    <ClCompile Include="E:\mve_recon\mve\libs\mve\view.cc">
      <Filter>Source Files</Filter>
    </ClCompile>
    <ClCompile Include="E:\mve_recon\mve\libs\mve\volume.cc">
      <Filter>Source Files</Filter>
    </ClCompile>
  </ItemGroup>
  <ItemGroup>
    <ClInclude Include="E:\mve_recon\mve\libs\mve\bundle.h">
      <Filter>Header Files</Filter>
    </ClInclude>
    <ClInclude Include="E:\mve_recon\mve\libs\mve\bundle_io.h">
      <Filter>Header Files</Filter>
    </ClInclude>
    <ClInclude Include="E:\mve_recon\mve\libs\mve\camera.h">
      <Filter>Header Files</Filter>
    </ClInclude>
    <ClInclude Include="E:\mve_recon\mve\libs\mve\defines.h">
      <Filter>Header Files</Filter>
    </ClInclude>
    <ClInclude Include="E:\mve_recon\mve\libs\mve\depthmap.h">
      <Filter>Header Files</Filter>
    </ClInclude>
    <ClInclude Include="E:\mve_recon\mve\libs\mve\image.h">
      <Filter>Header Files</Filter>
    </ClInclude>
    <ClInclude Include="E:\mve_recon\mve\libs\mve\image_base.h">
      <Filter>Header Files</Filter>
    </ClInclude>
    <ClInclude Include="E:\mve_recon\mve\libs\mve\image_color.h">
      <Filter>Header Files</Filter>
    </ClInclude>
    <ClInclude Include="E:\mve_recon\mve\libs\mve\image_drawing.h">
      <Filter>Header Files</Filter>
    </ClInclude>
    <ClInclude Include="E:\mve_recon\mve\libs\mve\image_exif.h">
      <Filter>Header Files</Filter>
    </ClInclude>
    <ClInclude Include="E:\mve_recon\mve\libs\mve\image_io.h">
      <Filter>Header Files</Filter>
    </ClInclude>
    <ClInclude Include="E:\mve_recon\mve\libs\mve\image_tools.h">
      <Filter>Header Files</Filter>
    </ClInclude>
    <ClInclude Include="E:\mve_recon\mve\libs\mve\marching_cubes.h">
      <Filter>Header Files</Filter>
    </ClInclude>
    <ClInclude Include="E:\mve_recon\mve\libs\mve\marching_tets.h">
      <Filter>Header Files</Filter>
    </ClInclude>
    <ClInclude Include="E:\mve_recon\mve\libs\mve\mesh.h">
      <Filter>Header Files</Filter>
    </ClInclude>
    <ClInclude Include="E:\mve_recon\mve\libs\mve\mesh_info.h">
      <Filter>Header Files</Filter>
    </ClInclude>
    <ClInclude Include="E:\mve_recon\mve\libs\mve\mesh_io.h">
      <Filter>Header Files</Filter>
    </ClInclude>
    <ClInclude Include="E:\mve_recon\mve\libs\mve\mesh_io_npts.h">
      <Filter>Header Files</Filter>
    </ClInclude>
    <ClInclude Include="E:\mve_recon\mve\libs\mve\mesh_io_obj.h">
      <Filter>Header Files</Filter>
    </ClInclude>
    <ClInclude Include="E:\mve_recon\mve\libs\mve\mesh_io_off.h">
      <Filter>Header Files</Filter>
    </ClInclude>
    <ClInclude Include="E:\mve_recon\mve\libs\mve\mesh_io_pbrt.h">
      <Filter>Header Files</Filter>
    </ClInclude>
    <ClInclude Include="E:\mve_recon\mve\libs\mve\mesh_io_ply.h">
      <Filter>Header Files</Filter>
    </ClInclude>
    <ClInclude Include="E:\mve_recon\mve\libs\mve\mesh_io_smf.h">
      <Filter>Header Files</Filter>
    </ClInclude>
    <ClInclude Include="E:\mve_recon\mve\libs\mve\mesh_tools.h">
      <Filter>Header Files</Filter>
    </ClInclude>
    <ClInclude Include="E:\mve_recon\mve\libs\mve\scene.h">
      <Filter>Header Files</Filter>
    </ClInclude>
    <ClInclude Include="E:\mve_recon\mve\libs\mve\view.h">
      <Filter>Header Files</Filter>
    </ClInclude>
    <ClInclude Include="E:\mve_recon\mve\libs\mve\volume.h">
      <Filter>Header Files</Filter>
    </ClInclude>
  </ItemGroup>
  <ItemGroup>
    <CustomBuild Include="E:\mve_recon\mve\libs\mve\CMakeLists.txt" />
  </ItemGroup>
  <ItemGroup>
    <Filter Include="Source Files">
      <UniqueIdentifier>{2D85118F-0406-3C65-B796-0B4F7A31DE7F}</UniqueIdentifier>
    </Filter>
    <Filter Include="Header Files">
      <UniqueIdentifier>{05A345D8-4EAF-3780-B107-69F53FF72110}</UniqueIdentifier>
    </Filter>
  </ItemGroup>
</Project>
