
Microsoft Visual Studio Solution File, Format Version 12.00
# Visual Studio 14
VisualStudioVersion = 14.0.23107.0
MinimumVisualStudioVersion = 10.0.40219.1
Project("{8BC9CEB8-8B4A-11D0-8D11-00A0C91BC942}") = "mve", "mve\mve.vcxproj", "{4767F2C8-7BB1-433E-ADB9-6AF996E0BC74}"
EndProject
Project("{8BC9CEB8-8B4A-11D0-8D11-00A0C91BC942}") = "Reconstruction3D", "Reconstruction3D\Reconstruction3D.vcxproj", "{1D3A797C-C436-4F5D-8186-CD01139DA935}"
	ProjectSection(ProjectDependencies) = postProject
		{036D9C20-6378-4740-AF2D-FB3DE891FE63} = {036D9C20-6378-4740-AF2D-FB3DE891FE63}
		{9CDD2556-107B-40C7-ACA1-FF17FA685018} = {9CDD2556-107B-40C7-ACA1-FF17FA685018}
		{4772A26D-7042-4C35-BEDA-B118BB02E31B} = {4772A26D-7042-4C35-BEDA-B118BB02E31B}
		{4767F2C8-7BB1-433E-ADB9-6AF996E0BC74} = {4767F2C8-7BB1-433E-ADB9-6AF996E0BC74}
	EndProjectSection
EndProject
Project("{8BC9CEB8-8B4A-11D0-8D11-00A0C91BC942}") = "Recon_API", "Recon_API\Recon_API.vcxproj", "{036D9C20-6378-4740-AF2D-FB3DE891FE63}"
	ProjectSection(ProjectDependencies) = postProject
		{9D2E03E9-12FA-4AEA-8910-F6CCD9CEF43E} = {9D2E03E9-12FA-4AEA-8910-F6CCD9CEF43E}
	EndProjectSection
EndProject
Project("{8BC9CEB8-8B4A-11D0-8D11-00A0C91BC942}") = "texturing", "texturing\texturing.vcxproj", "{4772A26D-7042-4C35-BEDA-B118BB02E31B}"
	ProjectSection(ProjectDependencies) = postProject
		{4767F2C8-7BB1-433E-ADB9-6AF996E0BC74} = {4767F2C8-7BB1-433E-ADB9-6AF996E0BC74}
	EndProjectSection
EndProject
Project("{8BC9CEB8-8B4A-11D0-8D11-00A0C91BC942}") = "reconApp", "reconApp\reconApp.vcxproj", "{9CDD2556-107B-40C7-ACA1-FF17FA685018}"
	ProjectSection(ProjectDependencies) = postProject
		{036D9C20-6378-4740-AF2D-FB3DE891FE63} = {036D9C20-6378-4740-AF2D-FB3DE891FE63}
		{4772A26D-7042-4C35-BEDA-B118BB02E31B} = {4772A26D-7042-4C35-BEDA-B118BB02E31B}
		{4767F2C8-7BB1-433E-ADB9-6AF996E0BC74} = {4767F2C8-7BB1-433E-ADB9-6AF996E0BC74}
		{9D2E03E9-12FA-4AEA-8910-F6CCD9CEF43E} = {9D2E03E9-12FA-4AEA-8910-F6CCD9CEF43E}
	EndProjectSection
EndProject
Project("{8BC9CEB8-8B4A-11D0-8D11-00A0C91BC942}") = "obj_extractor", "obj_extractor\obj_extractor.vcxproj", "{9D2E03E9-12FA-4AEA-8910-F6CCD9CEF43E}"
EndProject
Global
	GlobalSection(SolutionConfigurationPlatforms) = preSolution
		Debug|x64 = Debug|x64
		Debug|x86 = Debug|x86
		Release|x64 = Release|x64
		Release|x86 = Release|x86
	EndGlobalSection
	GlobalSection(ProjectConfigurationPlatforms) = postSolution
		{4767F2C8-7BB1-433E-ADB9-6AF996E0BC74}.Debug|x64.ActiveCfg = Debug|x64
		{4767F2C8-7BB1-433E-ADB9-6AF996E0BC74}.Debug|x64.Build.0 = Debug|x64
		{4767F2C8-7BB1-433E-ADB9-6AF996E0BC74}.Debug|x86.ActiveCfg = Debug|Win32
		{4767F2C8-7BB1-433E-ADB9-6AF996E0BC74}.Debug|x86.Build.0 = Debug|Win32
		{4767F2C8-7BB1-433E-ADB9-6AF996E0BC74}.Release|x64.ActiveCfg = Release|x64
		{4767F2C8-7BB1-433E-ADB9-6AF996E0BC74}.Release|x86.ActiveCfg = Release|Win32
		{4767F2C8-7BB1-433E-ADB9-6AF996E0BC74}.Release|x86.Build.0 = Release|Win32
		{1D3A797C-C436-4F5D-8186-CD01139DA935}.Debug|x64.ActiveCfg = Debug|x64
		{1D3A797C-C436-4F5D-8186-CD01139DA935}.Debug|x64.Build.0 = Debug|x64
		{1D3A797C-C436-4F5D-8186-CD01139DA935}.Debug|x86.ActiveCfg = Debug|Win32
		{1D3A797C-C436-4F5D-8186-CD01139DA935}.Debug|x86.Build.0 = Debug|Win32
		{1D3A797C-C436-4F5D-8186-CD01139DA935}.Release|x64.ActiveCfg = Release|x64
		{1D3A797C-C436-4F5D-8186-CD01139DA935}.Release|x86.ActiveCfg = Release|Win32
		{1D3A797C-C436-4F5D-8186-CD01139DA935}.Release|x86.Build.0 = Release|Win32
		{036D9C20-6378-4740-AF2D-FB3DE891FE63}.Debug|x64.ActiveCfg = Debug|x64
		{036D9C20-6378-4740-AF2D-FB3DE891FE63}.Debug|x64.Build.0 = Debug|x64
		{036D9C20-6378-4740-AF2D-FB3DE891FE63}.Debug|x86.ActiveCfg = Debug|Win32
		{036D9C20-6378-4740-AF2D-FB3DE891FE63}.Debug|x86.Build.0 = Debug|Win32
		{036D9C20-6378-4740-AF2D-FB3DE891FE63}.Release|x64.ActiveCfg = Release|x64
		{036D9C20-6378-4740-AF2D-FB3DE891FE63}.Release|x64.Build.0 = Release|x64
		{036D9C20-6378-4740-AF2D-FB3DE891FE63}.Release|x86.ActiveCfg = Release|Win32
		{036D9C20-6378-4740-AF2D-FB3DE891FE63}.Release|x86.Build.0 = Release|Win32
		{4772A26D-7042-4C35-BEDA-B118BB02E31B}.Debug|x64.ActiveCfg = Debug|x64
		{4772A26D-7042-4C35-BEDA-B118BB02E31B}.Debug|x64.Build.0 = Debug|x64
		{4772A26D-7042-4C35-BEDA-B118BB02E31B}.Debug|x86.ActiveCfg = Debug|Win32
		{4772A26D-7042-4C35-BEDA-B118BB02E31B}.Debug|x86.Build.0 = Debug|Win32
		{4772A26D-7042-4C35-BEDA-B118BB02E31B}.Release|x64.ActiveCfg = Release|x64
		{4772A26D-7042-4C35-BEDA-B118BB02E31B}.Release|x86.ActiveCfg = Release|Win32
		{4772A26D-7042-4C35-BEDA-B118BB02E31B}.Release|x86.Build.0 = Release|Win32
		{9CDD2556-107B-40C7-ACA1-FF17FA685018}.Debug|x64.ActiveCfg = Debug|x64
		{9CDD2556-107B-40C7-ACA1-FF17FA685018}.Debug|x64.Build.0 = Debug|x64
		{9CDD2556-107B-40C7-ACA1-FF17FA685018}.Debug|x86.ActiveCfg = Debug|Win32
		{9CDD2556-107B-40C7-ACA1-FF17FA685018}.Debug|x86.Build.0 = Debug|Win32
		{9CDD2556-107B-40C7-ACA1-FF17FA685018}.Release|x64.ActiveCfg = Release|x64
		{9CDD2556-107B-40C7-ACA1-FF17FA685018}.Release|x64.Build.0 = Release|x64
		{9CDD2556-107B-40C7-ACA1-FF17FA685018}.Release|x86.ActiveCfg = Release|Win32
		{9CDD2556-107B-40C7-ACA1-FF17FA685018}.Release|x86.Build.0 = Release|Win32
		{9D2E03E9-12FA-4AEA-8910-F6CCD9CEF43E}.Debug|x64.ActiveCfg = Debug|x64
		{9D2E03E9-12FA-4AEA-8910-F6CCD9CEF43E}.Debug|x64.Build.0 = Debug|x64
		{9D2E03E9-12FA-4AEA-8910-F6CCD9CEF43E}.Debug|x86.ActiveCfg = Debug|Win32
		{9D2E03E9-12FA-4AEA-8910-F6CCD9CEF43E}.Debug|x86.Build.0 = Debug|Win32
		{9D2E03E9-12FA-4AEA-8910-F6CCD9CEF43E}.Release|x64.ActiveCfg = Release|x64
		{9D2E03E9-12FA-4AEA-8910-F6CCD9CEF43E}.Release|x64.Build.0 = Release|x64
		{9D2E03E9-12FA-4AEA-8910-F6CCD9CEF43E}.Release|x86.ActiveCfg = Release|Win32
		{9D2E03E9-12FA-4AEA-8910-F6CCD9CEF43E}.Release|x86.Build.0 = Release|Win32
	EndGlobalSection
	GlobalSection(SolutionProperties) = preSolution
		HideSolutionNode = FALSE
	EndGlobalSection
EndGlobal
