<?xml version="1.0" encoding="UTF-8"?>
<Project ToolsVersion="14.0" xmlns="http://schemas.microsoft.com/developer/msbuild/2003">
  <ItemGroup>
    <ClCompile Include="E:\mve_recon\mve\libs\dmrecon\dmrecon.cc">
      <Filter>Source Files</Filter>
    </ClCompile>
    <ClCompile Include="E:\mve_recon\mve\libs\dmrecon\global_view_selection.cc">
      <Filter>Source Files</Filter>
    </ClCompile>
    <ClCompile Include="E:\mve_recon\mve\libs\dmrecon\image_pyramid.cc">
      <Filter>Source Files</Filter>
    </ClCompile>
    <ClCompile Include="E:\mve_recon\mve\libs\dmrecon\local_view_selection.cc">
      <Filter>Source Files</Filter>
    </ClCompile>
    <ClCompile Include="E:\mve_recon\mve\libs\dmrecon\mvs_tools.cc">
      <Filter>Source Files</Filter>
    </ClCompile>
    <ClCompile Include="E:\mve_recon\mve\libs\dmrecon\patch_optimization.cc">
      <Filter>Source Files</Filter>
    </ClCompile>
    <ClCompile Include="E:\mve_recon\mve\libs\dmrecon\patch_sampler.cc">
      <Filter>Source Files</Filter>
    </ClCompile>
    <ClCompile Include="E:\mve_recon\mve\libs\dmrecon\single_view.cc">
      <Filter>Source Files</Filter>
    </ClCompile>
  </ItemGroup>
  <ItemGroup>
    <ClInclude Include="E:\mve_recon\mve\libs\dmrecon\defines.h">
      <Filter>Header Files</Filter>
    </ClInclude>
    <ClInclude Include="E:\mve_recon\mve\libs\dmrecon\dmrecon.h">
      <Filter>Header Files</Filter>
    </ClInclude>
    <ClInclude Include="E:\mve_recon\mve\libs\dmrecon\global_view_selection.h">
      <Filter>Header Files</Filter>
    </ClInclude>
    <ClInclude Include="E:\mve_recon\mve\libs\dmrecon\image_pyramid.h">
      <Filter>Header Files</Filter>
    </ClInclude>
    <ClInclude Include="E:\mve_recon\mve\libs\dmrecon\local_view_selection.h">
      <Filter>Header Files</Filter>
    </ClInclude>
    <ClInclude Include="E:\mve_recon\mve\libs\dmrecon\mvs_tools.h">
      <Filter>Header Files</Filter>
    </ClInclude>
    <ClInclude Include="E:\mve_recon\mve\libs\dmrecon\patch_optimization.h">
      <Filter>Header Files</Filter>
    </ClInclude>
    <ClInclude Include="E:\mve_recon\mve\libs\dmrecon\patch_sampler.h">
      <Filter>Header Files</Filter>
    </ClInclude>
    <ClInclude Include="E:\mve_recon\mve\libs\dmrecon\progress.h">
      <Filter>Header Files</Filter>
    </ClInclude>
    <ClInclude Include="E:\mve_recon\mve\libs\dmrecon\settings.h">
      <Filter>Header Files</Filter>
    </ClInclude>
    <ClInclude Include="E:\mve_recon\mve\libs\dmrecon\single_view.h">
      <Filter>Header Files</Filter>
    </ClInclude>
    <ClInclude Include="E:\mve_recon\mve\libs\dmrecon\view_selection.h">
      <Filter>Header Files</Filter>
    </ClInclude>
  </ItemGroup>
  <ItemGroup>
    <CustomBuild Include="E:\mve_recon\mve\libs\dmrecon\CMakeLists.txt" />
  </ItemGroup>
  <ItemGroup>
    <Filter Include="Source Files">
      <UniqueIdentifier>{2D85118F-0406-3C65-B796-0B4F7A31DE7F}</UniqueIdentifier>
    </Filter>
    <Filter Include="Header Files">
      <UniqueIdentifier>{05A345D8-4EAF-3780-B107-69F53FF72110}</UniqueIdentifier>
    </Filter>
  </ItemGroup>
</Project>
