<?xml version="1.0" encoding="UTF-8"?>
<Project ToolsVersion="14.0" xmlns="http://schemas.microsoft.com/developer/msbuild/2003">
  <ItemGroup>
    <CustomBuild Include="E:\mve_recon\mve\CMakeFiles\ec12fd1f377ceaf51e04faef7fab41cf\PACKAGE_force.rule">
      <Filter>CMake Rules</Filter>
    </CustomBuild>
  </ItemGroup>
  <ItemGroup>
    <Filter Include="CMake Rules">
      <UniqueIdentifier>{EDA31F18-46B3-3C82-9E6C-CE0C3FCDD869}</UniqueIdentifier>
    </Filter>
  </ItemGroup>
</Project>
